#MicroXplorer Configuration settings - do not modify
ADC1.Channel-0\#ChannelRegularConversion=ADC_CHANNEL_0
ADC1.IPParameters=Rank-0\#ChannelRegularConversion,master,Channel-0\#ChannelRegularConversion,SamplingTime-0\#ChannelRegularConversion,NbrOfConversionFlag
ADC1.NbrOfConversionFlag=1
ADC1.Rank-0\#ChannelRegularConversion=1
ADC1.SamplingTime-0\#ChannelRegularConversion=ADC_SAMPLETIME_3CYCLES
ADC1.master=1
ETH.IPParameters=MediaInterface,PhyAddress,MACAddr
ETH.MACAddr=00\:80\:E1\:00\:12\:34
ETH.MediaInterface=ETH_MEDIA_INTERFACE_RMII
ETH.PhyAddress=0
FREERTOS.IPParameters=Tasks01,configUSE_TRACE_FACILITY,configTOTAL_HEAP_SIZE,configUSE_STATS_FORMATTING_FUNCTIONS,configUSE_NEWLIB_REENTRANT,configUSE_TIMERS
FREERTOS.Tasks01=defaultTask,0,128,StartDefaultTask,Default,NULL,Dynamic,NULL,NULL
FREERTOS.configTOTAL_HEAP_SIZE=49152
FREERTOS.configUSE_NEWLIB_REENTRANT=1
FREERTOS.configUSE_STATS_FORMATTING_FUNCTIONS=1
FREERTOS.configUSE_TIMERS=1
FREERTOS.configUSE_TRACE_FACILITY=1
File.Version=6
KeepUserPlacement=false
LWIP.DEFAULT_RAW_RECVMBOX_SIZE=6
LWIP.IPParameters=LWIP_DNS,MEM_SIZE,LWIP_RAW,LWIP_NETIF_STATUS_CALLBACK,DEFAULT_RAW_RECVMBOX_SIZE,MEMP_NUM_TCP_PCB,LWIP_SO_RCVTIMEO
LWIP.LWIP_DNS=1
LWIP.LWIP_NETIF_STATUS_CALLBACK=1
LWIP.LWIP_RAW=1
LWIP.LWIP_SO_RCVTIMEO=1
LWIP.MEMP_NUM_TCP_PCB=5
LWIP.MEM_SIZE=8192
LWIP.Version=v2.1.2_Cube
Mcu.Family=STM32F4
Mcu.IP0=ADC1
Mcu.IP1=ETH
Mcu.IP10=UART4
Mcu.IP11=USART3
Mcu.IP12=USART6
Mcu.IP2=FREERTOS
Mcu.IP3=I2C1
Mcu.IP4=LWIP
Mcu.IP5=NVIC
Mcu.IP6=RCC
Mcu.IP7=RNG
Mcu.IP8=SPI1
Mcu.IP9=SYS
Mcu.IPNb=13
Mcu.Name=STM32F427V(G-I)Tx
Mcu.Package=LQFP100
Mcu.Pin0=PE2
Mcu.Pin1=PE3
Mcu.Pin10=PC1
Mcu.Pin11=PC2
Mcu.Pin12=PA0/WKUP
Mcu.Pin13=PA1
Mcu.Pin14=PA2
Mcu.Pin15=PA4
Mcu.Pin16=PA5
Mcu.Pin17=PA6
Mcu.Pin18=PA7
Mcu.Pin19=PC4
Mcu.Pin2=PE4
Mcu.Pin20=PC5
Mcu.Pin21=PB11
Mcu.Pin22=PB12
Mcu.Pin23=PB13
Mcu.Pin24=PB14
Mcu.Pin25=PD8
Mcu.Pin26=PD9
Mcu.Pin27=PD15
Mcu.Pin28=PC6
Mcu.Pin29=PC7
Mcu.Pin3=PE5
Mcu.Pin30=PA8
Mcu.Pin31=PA13
Mcu.Pin32=PA14
Mcu.Pin33=PC10
Mcu.Pin34=PC11
Mcu.Pin35=PD5
Mcu.Pin36=PD6
Mcu.Pin37=PD7
Mcu.Pin38=PB3
Mcu.Pin39=PB4
Mcu.Pin4=PE6
Mcu.Pin40=PB5
Mcu.Pin41=PB6
Mcu.Pin42=PB7
Mcu.Pin43=PB8
Mcu.Pin44=PB9
Mcu.Pin45=PE0
Mcu.Pin46=PE1
Mcu.Pin47=VP_FREERTOS_VS_CMSIS_V1
Mcu.Pin48=VP_LWIP_VS_Enabled
Mcu.Pin49=VP_RNG_VS_RNG
Mcu.Pin5=PC13
Mcu.Pin50=VP_SYS_VS_tim1
Mcu.Pin6=PC14/OSC32_IN
Mcu.Pin7=PC15/OSC32_OUT
Mcu.Pin8=PH0/OSC_IN
Mcu.Pin9=PH1/OSC_OUT
Mcu.PinsNb=51
Mcu.ThirdPartyNb=0
Mcu.UserConstants=
Mcu.UserName=STM32F427VGTx
MxCube.Version=6.0.1
MxDb.Version=DB.6.0.0
NVIC.BusFault_IRQn=true\:0\:0\:false\:false\:true\:false\:false\:false
NVIC.DebugMonitor_IRQn=true\:0\:0\:false\:false\:true\:false\:false\:false
NVIC.ETH_IRQn=true\:6\:0\:true\:false\:true\:false\:false\:true
NVIC.ForceEnableDMAVector=true
NVIC.HardFault_IRQn=true\:0\:0\:false\:false\:true\:false\:false\:false
NVIC.MemoryManagement_IRQn=true\:0\:0\:false\:false\:true\:false\:false\:false
NVIC.NonMaskableInt_IRQn=true\:0\:0\:false\:false\:true\:false\:false\:false
NVIC.PendSV_IRQn=true\:0\:0\:false\:false\:false\:false\:false\:false
NVIC.PriorityGroup=NVIC_PRIORITYGROUP_4
NVIC.SVCall_IRQn=true\:0\:0\:false\:false\:false\:false\:false\:false
NVIC.SavedPendsvIrqHandlerGenerated=true
NVIC.SavedSvcallIrqHandlerGenerated=true
NVIC.SavedSystickIrqHandlerGenerated=true
NVIC.SysTick_IRQn=true\:0\:0\:false\:false\:false\:false\:false\:true
NVIC.TIM1_UP_TIM10_IRQn=true\:0\:0\:false\:false\:true\:false\:false\:true
NVIC.TimeBase=TIM1_UP_TIM10_IRQn
NVIC.TimeBaseIP=TIM1
NVIC.UsageFault_IRQn=true\:0\:0\:false\:false\:true\:false\:false\:false
PA0/WKUP.GPIOParameters=GPIO_Label
PA0/WKUP.GPIO_Label=ADC_HD_VER
PA0/WKUP.Locked=true
PA0/WKUP.Signal=ADCx_IN0
PA1.Mode=RMII
PA1.Signal=ETH_REF_CLK
PA13.Mode=Serial_Wire
PA13.Signal=SYS_JTMS-SWDIO
PA14.Mode=Serial_Wire
PA14.Signal=SYS_JTCK-SWCLK
PA2.GPIOParameters=GPIO_PuPd
PA2.GPIO_PuPd=GPIO_PULLUP
PA2.Mode=RMII
PA2.Signal=ETH_MDIO
PA4.GPIOParameters=GPIO_Label
PA4.GPIO_Label=KY1
PA4.Locked=true
PA4.Signal=GPIO_Input
PA5.GPIOParameters=PinState,GPIO_Label
PA5.GPIO_Label=LED2
PA5.Locked=true
PA5.PinState=GPIO_PIN_SET
PA5.Signal=GPIO_Output
PA6.GPIOParameters=PinState,GPIO_Label
PA6.GPIO_Label=LED1
PA6.Locked=true
PA6.PinState=GPIO_PIN_SET
PA6.Signal=GPIO_Output
PA7.Mode=RMII
PA7.Signal=ETH_CRS_DV
PA8.GPIOParameters=GPIO_Label
PA8.GPIO_Label=E_OSC
PA8.Locked=true
PA8.Mode=Clock-out-1
PA8.Signal=RCC_MCO_1
PB11.Mode=RMII
PB11.Signal=ETH_TX_EN
PB12.Mode=RMII
PB12.Signal=ETH_TXD0
PB13.Mode=RMII
PB13.Signal=ETH_TXD1
PB14.GPIOParameters=GPIO_Label
PB14.GPIO_Label=TX48_EN
PB14.Locked=true
PB14.Signal=GPIO_Output
PB3.GPIOParameters=GPIO_Label
PB3.GPIO_Label=R_SCK
PB3.Mode=Full_Duplex_Master
PB3.Signal=SPI1_SCK
PB4.GPIOParameters=GPIO_Label
PB4.GPIO_Label=R_MISO
PB4.Mode=Full_Duplex_Master
PB4.Signal=SPI1_MISO
PB5.GPIOParameters=GPIO_Label
PB5.GPIO_Label=R_MOSI
PB5.Mode=Full_Duplex_Master
PB5.Signal=SPI1_MOSI
PB6.Mode=I2C
PB6.Signal=I2C1_SCL
PB7.Mode=I2C
PB7.Signal=I2C1_SDA
PB8.GPIOParameters=GPIO_Label
PB8.GPIO_Label=KY_IRQ
PB8.Locked=true
PB8.Signal=GPIO_Input
PB9.GPIOParameters=GPIO_Label
PB9.GPIO_Label=PKI1
PB9.Locked=true
PB9.Signal=GPIO_Output
PC1.Mode=RMII
PC1.Signal=ETH_MDC
PC10.GPIOParameters=GPIO_Label
PC10.GPIO_Label=DBG_TX
PC10.Mode=Asynchronous
PC10.Signal=UART4_TX
PC11.GPIOParameters=GPIO_Label
PC11.GPIO_Label=DBG_RX
PC11.Mode=Asynchronous
PC11.Signal=UART4_RX
PC13.GPIOParameters=GPIO_PuPd,GPIO_Label
PC13.GPIO_Label=R_INT
PC13.GPIO_PuPd=GPIO_PULLUP
PC13.Locked=true
PC13.Signal=GPXTI13
PC14/OSC32_IN.GPIOParameters=GPIO_Label
PC14/OSC32_IN.GPIO_Label=R_RESET
PC14/OSC32_IN.Locked=true
PC14/OSC32_IN.Signal=GPIO_Output
PC15/OSC32_OUT.GPIOParameters=GPIO_Label
PC15/OSC32_OUT.GPIO_Label=BUZZER
PC15/OSC32_OUT.Locked=true
PC15/OSC32_OUT.Signal=GPIO_Output
PC2.GPIOParameters=GPIO_Label
PC2.GPIO_Label=ETH_RST
PC2.Locked=true
PC2.Signal=GPIO_Output
PC4.Mode=RMII
PC4.Signal=ETH_RXD0
PC5.Mode=RMII
PC5.Signal=ETH_RXD1
PC6.GPIOParameters=GPIO_Label
PC6.GPIO_Label=K_TX
PC6.Mode=Asynchronous
PC6.Signal=USART6_TX
PC7.GPIOParameters=GPIO_Label
PC7.GPIO_Label=K_RX
PC7.Mode=Asynchronous
PC7.Signal=USART6_RX
PD15.GPIOParameters=GPIO_Label
PD15.GPIO_Label=K_IRQ
PD15.Locked=true
PD15.Signal=GPIO_Input
PD5.GPIOParameters=GPIO_PuPd,GPIO_Label
PD5.GPIO_Label=INP1
PD5.GPIO_PuPd=GPIO_PULLUP
PD5.Locked=true
PD5.Signal=GPIO_Input
PD6.GPIOParameters=GPIO_PuPd,GPIO_Label
PD6.GPIO_Label=INP2
PD6.GPIO_PuPd=GPIO_PULLUP
PD6.Locked=true
PD6.Signal=GPIO_Input
PD7.GPIOParameters=GPIO_Label
PD7.GPIO_Label=R_CS
PD7.Locked=true
PD7.Signal=GPIO_Output
PD8.GPIOParameters=GPIO_Label
PD8.GPIO_Label=TX48_TX
PD8.Locked=true
PD8.Mode=Asynchronous
PD8.Signal=USART3_TX
PD9.GPIOParameters=GPIO_Label
PD9.GPIO_Label=TX48_RX
PD9.Mode=Asynchronous
PD9.Signal=USART3_RX
PE0.GPIOParameters=GPIO_Label
PE0.GPIO_Label=PKI2
PE0.Locked=true
PE0.Signal=GPIO_Output
PE1.GPIOParameters=GPIO_Label
PE1.GPIO_Label=PKI3
PE1.Locked=true
PE1.Signal=GPIO_Output
PE2.GPIOParameters=GPIO_Label
PE2.GPIO_Label=PKI4
PE2.Locked=true
PE2.Signal=GPIO_Output
PE3.GPIOParameters=GPIO_Label
PE3.GPIO_Label=PKI5
PE3.Locked=true
PE3.Signal=GPIO_Output
PE4.GPIOParameters=GPIO_Label
PE4.GPIO_Label=PKI6
PE4.Locked=true
PE4.Signal=GPIO_Output
PE5.GPIOParameters=GPIO_Label
PE5.GPIO_Label=PKI7
PE5.Locked=true
PE5.Signal=GPIO_Output
PE6.GPIOParameters=GPIO_Label
PE6.GPIO_Label=PKI8
PE6.Locked=true
PE6.Signal=GPIO_Output
PH0/OSC_IN.Mode=HSE-External-Clock-Source
PH0/OSC_IN.Signal=RCC_OSC_IN
PH1/OSC_OUT.Mode=HSE-External-Clock-Source
PH1/OSC_OUT.Signal=RCC_OSC_OUT
PinOutPanel.RotationAngle=0
ProjectManager.AskForMigrate=true
ProjectManager.BackupPrevious=false
ProjectManager.CompilerOptimize=6
ProjectManager.ComputerToolchain=false
ProjectManager.CoupleFile=false
ProjectManager.CustomerFirmwarePackage=
ProjectManager.DefaultFWLocation=true
ProjectManager.DeletePrevious=true
ProjectManager.DeviceId=STM32F427VGTx
ProjectManager.FirmwarePackage=STM32Cube FW_F4 V1.25.2
ProjectManager.FreePins=false
ProjectManager.HalAssertFull=false
ProjectManager.HeapSize=0x200
ProjectManager.KeepUserCode=true
ProjectManager.LastFirmware=true
ProjectManager.LibraryCopy=1
ProjectManager.MainLocation=Core/Src
ProjectManager.NoMain=false
ProjectManager.PreviousToolchain=
ProjectManager.ProjectBuild=false
ProjectManager.ProjectFileName=HOST.ioc
ProjectManager.ProjectName=HOST
ProjectManager.RegisterCallBack=
ProjectManager.StackSize=0x400
ProjectManager.TargetToolchain=STM32CubeIDE
ProjectManager.ToolChainLocation=
ProjectManager.UnderRoot=true
ProjectManager.functionlistsort=1-MX_GPIO_Init-GPIO-false-HAL-true,2-SystemClock_Config-RCC-false-HAL-false,3-MX_ADC1_Init-ADC1-false-HAL-true,4-MX_USART3_UART_Init-USART3-false-HAL-true,5-MX_I2C1_Init-I2C1-false-HAL-true,6-MX_SPI1_Init-SPI1-false-HAL-true,7-MX_UART4_Init-UART4-false-HAL-true,8-MX_USART6_UART_Init-USART6-false-HAL-true,9-MX_LWIP_Init-LWIP-false-HAL-false,10-MX_RNG_Init-RNG-false-HAL-true
RCC.48MHZClocksFreq_Value=48000000
RCC.AHBFreq_Value=168000000
RCC.APB1CLKDivider=RCC_HCLK_DIV4
RCC.APB1Freq_Value=42000000
RCC.APB1TimFreq_Value=84000000
RCC.APB2CLKDivider=RCC_HCLK_DIV2
RCC.APB2Freq_Value=84000000
RCC.APB2TimFreq_Value=168000000
RCC.CortexFreq_Value=168000000
RCC.EthernetFreq_Value=168000000
RCC.FCLKCortexFreq_Value=168000000
RCC.FamilyName=M
RCC.HCLKFreq_Value=168000000
RCC.HSE_VALUE=25000000
RCC.HSI_VALUE=16000000
RCC.I2SClocksFreq_Value=96000000
RCC.IPParameters=48MHZClocksFreq_Value,AHBFreq_Value,APB1CLKDivider,APB1Freq_Value,APB1TimFreq_Value,APB2CLKDivider,APB2Freq_Value,APB2TimFreq_Value,CortexFreq_Value,EthernetFreq_Value,FCLKCortexFreq_Value,FamilyName,HCLKFreq_Value,HSE_VALUE,HSI_VALUE,I2SClocksFreq_Value,LSE_VALUE,LSI_VALUE,MCO1PinFreq_Value,MCO2PinFreq_Value,PLLCLKFreq_Value,PLLM,PLLN,PLLQ,PLLQCLKFreq_Value,PLLSourceVirtual,RCC_MCO1Source,RTCFreq_Value,RTCHSEDivFreq_Value,SAI_AClocksFreq_Value,SAI_BClocksFreq_Value,SYSCLKFreq_VALUE,SYSCLKSource,VCOI2SOutputFreq_Value,VCOInputFreq_Value,VCOOutputFreq_Value,VCOSAIOutputFreq_Value,VCOSAIOutputFreq_ValueQ,VcooutputI2S,VcooutputI2SQ
RCC.LSE_VALUE=32768
RCC.LSI_VALUE=32000
RCC.MCO1PinFreq_Value=25000000
RCC.MCO2PinFreq_Value=168000000
RCC.PLLCLKFreq_Value=168000000
RCC.PLLM=25
RCC.PLLN=336
RCC.PLLQ=7
RCC.PLLQCLKFreq_Value=48000000
RCC.PLLSourceVirtual=RCC_PLLSOURCE_HSE
RCC.RCC_MCO1Source=RCC_MCO1SOURCE_HSE
RCC.RTCFreq_Value=32000
RCC.RTCHSEDivFreq_Value=12500000
RCC.SAI_AClocksFreq_Value=12250000
RCC.SAI_BClocksFreq_Value=12250000
RCC.SYSCLKFreq_VALUE=168000000
RCC.SYSCLKSource=RCC_SYSCLKSOURCE_PLLCLK
RCC.VCOI2SOutputFreq_Value=192000000
RCC.VCOInputFreq_Value=1000000
RCC.VCOOutputFreq_Value=336000000
RCC.VCOSAIOutputFreq_Value=49000000
RCC.VCOSAIOutputFreq_ValueQ=12250000
RCC.VcooutputI2S=96000000
RCC.VcooutputI2SQ=96000000
SH.ADCx_IN0.0=ADC1_IN0,IN0
SH.ADCx_IN0.ConfNb=1
SH.GPXTI13.0=GPIO_EXTI13
SH.GPXTI13.ConfNb=1
SPI1.BaudRatePrescaler=SPI_BAUDRATEPRESCALER_2
SPI1.CalculateBaudRate=42.0 MBits/s
SPI1.Direction=SPI_DIRECTION_2LINES
SPI1.IPParameters=VirtualType,Mode,Direction,CalculateBaudRate,BaudRatePrescaler
SPI1.Mode=SPI_MODE_MASTER
SPI1.VirtualType=VM_MASTER
UART4.IPParameters=VirtualMode
UART4.VirtualMode=Asynchronous
USART3.IPParameters=VirtualMode
USART3.VirtualMode=VM_ASYNC
USART6.BaudRate=9600
USART6.IPParameters=VirtualMode,BaudRate,WordLength,Parity
USART6.Parity=PARITY_ODD
USART6.VirtualMode=VM_ASYNC
USART6.WordLength=WORDLENGTH_9B
VP_FREERTOS_VS_CMSIS_V1.Mode=CMSIS_V1
VP_FREERTOS_VS_CMSIS_V1.Signal=FREERTOS_VS_CMSIS_V1
VP_LWIP_VS_Enabled.Mode=Enabled
VP_LWIP_VS_Enabled.Signal=LWIP_VS_Enabled
VP_RNG_VS_RNG.Mode=RNG_Activate
VP_RNG_VS_RNG.Signal=RNG_VS_RNG
VP_SYS_VS_tim1.Mode=TIM1
VP_SYS_VS_tim1.Signal=SYS_VS_tim1
board=custom
